
Microsoft Visual Studio Solution File, Format Version 12.00
# Visual Studio Version 16
VisualStudioVersion = 16.0.29613.14
MinimumVisualStudioVersion = 10.0.40219.1
Project("{FAE04EC0-301F-11D3-BF4B-00C04F79EFBC}") = "Questão_01", "Questão_01\Questão_01.csproj", "{94EB3726-AE79-4286-A9E3-5CDFE5A74A23}"
EndProject
Global
	GlobalSection(SolutionConfigurationPlatforms) = preSolution
		Debug|Any CPU = Debug|Any CPU
		Release|Any CPU = Release|Any CPU
	EndGlobalSection
	GlobalSection(ProjectConfigurationPlatforms) = postSolution
		{94EB3726-AE79-4286-A9E3-5CDFE5A74A23}.Debug|Any CPU.ActiveCfg = Debug|Any CPU
		{94EB3726-AE79-4286-A9E3-5CDFE5A74A23}.Debug|Any CPU.Build.0 = Debug|Any CPU
		{94EB3726-AE79-4286-A9E3-5CDFE5A74A23}.Release|Any CPU.ActiveCfg = Release|Any CPU
		{94EB3726-AE79-4286-A9E3-5CDFE5A74A23}.Release|Any CPU.Build.0 = Release|Any CPU
	EndGlobalSection
	GlobalSection(SolutionProperties) = preSolution
		HideSolutionNode = FALSE
	EndGlobalSection
	GlobalSection(ExtensibilityGlobals) = postSolution
		SolutionGuid = {426E18D2-A2D4-47D2-9D78-3F806FCCBC9E}
	EndGlobalSection
EndGlobal
